
Microsoft Visual Studio Solution File, Format Version 12.00
# Visual Studio Version 17
VisualStudioVersion = 17.1.32210.238
MinimumVisualStudioVersion = 10.0.40219.1
Project("{2150E333-8FDC-42A3-9474-1A3956D46DE8}") = "src", "src", "{02F60307-6D7B-4303-B81A-DB6635A713E7}"
EndProject
Project("{2150E333-8FDC-42A3-9474-1A3956D46DE8}") = "Solution Items", "Solution Items", "{CDF270EF-E936-43C5-B2AE-74945A79F043}"
	ProjectSection(SolutionItems) = preProject
		docker-compose.yaml = docker-compose.yaml
		elastic-sink.json = elastic-sink.json
		mssql-connector.json = mssql-connector.json
	EndProjectSection
EndProject
Project("{FAE04EC0-301F-11D3-BF4B-00C04F79EFBC}") = "CQRSDemo.API", "src\CQRSDemo.API\CQRSDemo.API.csproj", "{FC8EF8F8-6663-4EC0-B7C2-AF2B2DB56B11}"
EndProject
Project("{FAE04EC0-301F-11D3-BF4B-00C04F79EFBC}") = "CQRSDemo.Infrastructure", "src\CQRSDemo.Infrastructure\CQRSDemo.Infrastructure.csproj", "{58DA0EAC-A2D0-4CAF-9721-9BB0185ADCDE}"
EndProject
Project("{FAE04EC0-301F-11D3-BF4B-00C04F79EFBC}") = "CQRSDemo.Application", "src\CQRSDemo.Application\CQRSDemo.Application.csproj", "{4DD0546D-E4A7-490B-96DD-7962C43C8657}"
EndProject
Project("{FAE04EC0-301F-11D3-BF4B-00C04F79EFBC}") = "CQRSDemo.Domain", "src\CQRSDemo.Domain\CQRSDemo.Domain.csproj", "{CB1163A1-9F1D-4A27-9B44-B24500C50CEA}"
EndProject
Project("{2150E333-8FDC-42A3-9474-1A3956D46DE8}") = "script", "script", "{7C91349B-E21F-4A5A-8B29-FAE262CE146D}"
	ProjectSection(SolutionItems) = preProject
		sqlcreate.sql = sqlcreate.sql
	EndProjectSection
EndProject
Global
	GlobalSection(SolutionConfigurationPlatforms) = preSolution
		Debug|Any CPU = Debug|Any CPU
		Release|Any CPU = Release|Any CPU
	EndGlobalSection
	GlobalSection(ProjectConfigurationPlatforms) = postSolution
		{FC8EF8F8-6663-4EC0-B7C2-AF2B2DB56B11}.Debug|Any CPU.ActiveCfg = Debug|Any CPU
		{FC8EF8F8-6663-4EC0-B7C2-AF2B2DB56B11}.Debug|Any CPU.Build.0 = Debug|Any CPU
		{FC8EF8F8-6663-4EC0-B7C2-AF2B2DB56B11}.Release|Any CPU.ActiveCfg = Release|Any CPU
		{FC8EF8F8-6663-4EC0-B7C2-AF2B2DB56B11}.Release|Any CPU.Build.0 = Release|Any CPU
		{58DA0EAC-A2D0-4CAF-9721-9BB0185ADCDE}.Debug|Any CPU.ActiveCfg = Debug|Any CPU
		{58DA0EAC-A2D0-4CAF-9721-9BB0185ADCDE}.Debug|Any CPU.Build.0 = Debug|Any CPU
		{58DA0EAC-A2D0-4CAF-9721-9BB0185ADCDE}.Release|Any CPU.ActiveCfg = Release|Any CPU
		{58DA0EAC-A2D0-4CAF-9721-9BB0185ADCDE}.Release|Any CPU.Build.0 = Release|Any CPU
		{4DD0546D-E4A7-490B-96DD-7962C43C8657}.Debug|Any CPU.ActiveCfg = Debug|Any CPU
		{4DD0546D-E4A7-490B-96DD-7962C43C8657}.Debug|Any CPU.Build.0 = Debug|Any CPU
		{4DD0546D-E4A7-490B-96DD-7962C43C8657}.Release|Any CPU.ActiveCfg = Release|Any CPU
		{4DD0546D-E4A7-490B-96DD-7962C43C8657}.Release|Any CPU.Build.0 = Release|Any CPU
		{CB1163A1-9F1D-4A27-9B44-B24500C50CEA}.Debug|Any CPU.ActiveCfg = Debug|Any CPU
		{CB1163A1-9F1D-4A27-9B44-B24500C50CEA}.Debug|Any CPU.Build.0 = Debug|Any CPU
		{CB1163A1-9F1D-4A27-9B44-B24500C50CEA}.Release|Any CPU.ActiveCfg = Release|Any CPU
		{CB1163A1-9F1D-4A27-9B44-B24500C50CEA}.Release|Any CPU.Build.0 = Release|Any CPU
	EndGlobalSection
	GlobalSection(SolutionProperties) = preSolution
		HideSolutionNode = FALSE
	EndGlobalSection
	GlobalSection(NestedProjects) = preSolution
		{FC8EF8F8-6663-4EC0-B7C2-AF2B2DB56B11} = {02F60307-6D7B-4303-B81A-DB6635A713E7}
		{58DA0EAC-A2D0-4CAF-9721-9BB0185ADCDE} = {02F60307-6D7B-4303-B81A-DB6635A713E7}
		{4DD0546D-E4A7-490B-96DD-7962C43C8657} = {02F60307-6D7B-4303-B81A-DB6635A713E7}
		{CB1163A1-9F1D-4A27-9B44-B24500C50CEA} = {02F60307-6D7B-4303-B81A-DB6635A713E7}
	EndGlobalSection
	GlobalSection(ExtensibilityGlobals) = postSolution
		SolutionGuid = {BDA6ECDC-0920-445A-82C0-9F65A0CD8068}
	EndGlobalSection
EndGlobal
